
Microsoft Visual Studio Solution File, Format Version 12.00
# Visual Studio Version 17
VisualStudioVersion = 17.7.34221.43
MinimumVisualStudioVersion = 10.0.40219.1
Project("{2150E333-8FDC-42A3-9474-1A3956D46DE8}") = "Task0", "Task0", "{493135E9-C739-4C99-B5B7-00FB295D591B}"
EndProject
Project("{FAE04EC0-301F-11D3-BF4B-00C04F79EFBC}") = "Tyuiu.MeshcheryakovPV.Sprint4.Task0.V8", "Tyuiu.MeshcheryakovPV.Sprint4.Task0.V8\Tyuiu.MeshcheryakovPV.Sprint4.Task0.V8.csproj", "{6023D502-196A-4E61-A67A-19BB5D181A19}"
EndProject
Project("{FAE04EC0-301F-11D3-BF4B-00C04F79EFBC}") = "Tyuiu.MeshcheryakovPV.Sprint4.Task0.V8.Lib", "Tyuiu.MeshcheryakovPV.Sprint4.Task0.V8.Lib\Tyuiu.MeshcheryakovPV.Sprint4.Task0.V8.Lib.csproj", "{5A671212-E299-41CF-90E9-813E52FA91FA}"
EndProject
Project("{FAE04EC0-301F-11D3-BF4B-00C04F79EFBC}") = "Tyuiu.MeshcheryakovPV.Sprint4.Task0.V8.Test", "Tyuiu.MeshcheryakovPV.Sprint4.Task0.V8.Test\Tyuiu.MeshcheryakovPV.Sprint4.Task0.V8.Test.csproj", "{2F8C2FE1-3FFB-49FF-A1C1-F15E164203A1}"
EndProject
Project("{2150E333-8FDC-42A3-9474-1A3956D46DE8}") = "Task1", "Task1", "{3DAE3D08-422A-42A5-BEDA-9065FD56BCC4}"
EndProject
Project("{FAE04EC0-301F-11D3-BF4B-00C04F79EFBC}") = "Tyuiu.MeshcheryakovPV.Sprint4.Task1.V10", "Tyuiu.MeshcheryakovPV.Sprint4.Task1.V10\Tyuiu.MeshcheryakovPV.Sprint4.Task1.V10.csproj", "{2AA58D8F-074E-4922-B4DE-4E3C069790EC}"
EndProject
Project("{FAE04EC0-301F-11D3-BF4B-00C04F79EFBC}") = "Tyuiu.MeshcheryakovPV.Sprint4.Task1.V10.Lib", "Tyuiu.MeshcheryakovPV.Sprint4.Task1.V10.Lib\Tyuiu.MeshcheryakovPV.Sprint4.Task1.V10.Lib.csproj", "{FC0C432F-30D2-4C83-8756-9CCBF866A466}"
EndProject
Project("{FAE04EC0-301F-11D3-BF4B-00C04F79EFBC}") = "Tyuiu.MeshcheryakovPV.Sprint4.Task1.V10.Test", "Tyuiu.MeshcheryakovPV.Sprint4.Task1.V10.Test\Tyuiu.MeshcheryakovPV.Sprint4.Task1.V10.Test.csproj", "{A1980089-186A-4F07-838D-E60704374B6D}"
EndProject
Project("{2150E333-8FDC-42A3-9474-1A3956D46DE8}") = "Task2", "Task2", "{5D6D5913-8660-4648-9356-C84BAAABBF5F}"
EndProject
Project("{FAE04EC0-301F-11D3-BF4B-00C04F79EFBC}") = "Tyuiu.MeshcheryakovPV.Sprint4.Task2.V9", "Tyuiu.MeshcheryakovPV.Sprint4.Task2.V9\Tyuiu.MeshcheryakovPV.Sprint4.Task2.V9.csproj", "{831DBC84-9948-409D-BF64-F2055A86C836}"
EndProject
Project("{FAE04EC0-301F-11D3-BF4B-00C04F79EFBC}") = "Tyuiu.MeshcheryakovPV.Sprint4.Task2.V9.Lib", "Tyuiu.MeshcheryakovPV.Sprint4.Task2.V9.Lib\Tyuiu.MeshcheryakovPV.Sprint4.Task2.V9.Lib.csproj", "{1942E53D-B3EE-41CA-A5AB-DAAAEA2EB2BD}"
EndProject
Project("{FAE04EC0-301F-11D3-BF4B-00C04F79EFBC}") = "Tyuiu.MeshcheryakovPV.Sprint4.Task2.V9.Test", "Tyuiu.MeshcheryakovPV.Sprint4.Task2.V9.Test\Tyuiu.MeshcheryakovPV.Sprint4.Task2.V9.Test.csproj", "{018BC45A-7CFD-415F-9CBB-91DD9FE944AC}"
EndProject
Project("{2150E333-8FDC-42A3-9474-1A3956D46DE8}") = "Task3", "Task3", "{CB5DE06C-2E9E-4C9E-AD92-3D7153684768}"
EndProject
Project("{FAE04EC0-301F-11D3-BF4B-00C04F79EFBC}") = "Tyuiu.MeshcheryakovPV.Sprint4.Task3.V15", "Tyuiu.MeshcheryakovPV.Sprint4.Task3.V15\Tyuiu.MeshcheryakovPV.Sprint4.Task3.V15.csproj", "{C8DC09B6-EB35-4EBE-A6E6-96EF354A5519}"
EndProject
Project("{FAE04EC0-301F-11D3-BF4B-00C04F79EFBC}") = "Tyuiu.MeshcheryakovPV.Sprint4.Task3.V15.Lib", "Tyuiu.MeshcheryakovPV.Sprint4.Task3.V15.Lib\Tyuiu.MeshcheryakovPV.Sprint4.Task3.V15.Lib.csproj", "{2FBFC4DC-4DFA-4294-9BB7-4F5766FB65EA}"
EndProject
Project("{FAE04EC0-301F-11D3-BF4B-00C04F79EFBC}") = "Tyuiu.MeshcheryakovPV.Sprint4.Task3.V15.Test", "Tyuiu.MeshcheryakovPV.Sprint4.Task3.V15.Test\Tyuiu.MeshcheryakovPV.Sprint4.Task3.V15.Test.csproj", "{50C8CEAC-0A10-4BFB-B360-9A8AFEB4155E}"
EndProject
Global
	GlobalSection(SolutionConfigurationPlatforms) = preSolution
		Debug|Any CPU = Debug|Any CPU
		Release|Any CPU = Release|Any CPU
	EndGlobalSection
	GlobalSection(ProjectConfigurationPlatforms) = postSolution
		{6023D502-196A-4E61-A67A-19BB5D181A19}.Debug|Any CPU.ActiveCfg = Debug|Any CPU
		{6023D502-196A-4E61-A67A-19BB5D181A19}.Debug|Any CPU.Build.0 = Debug|Any CPU
		{6023D502-196A-4E61-A67A-19BB5D181A19}.Release|Any CPU.ActiveCfg = Release|Any CPU
		{6023D502-196A-4E61-A67A-19BB5D181A19}.Release|Any CPU.Build.0 = Release|Any CPU
		{5A671212-E299-41CF-90E9-813E52FA91FA}.Debug|Any CPU.ActiveCfg = Debug|Any CPU
		{5A671212-E299-41CF-90E9-813E52FA91FA}.Debug|Any CPU.Build.0 = Debug|Any CPU
		{5A671212-E299-41CF-90E9-813E52FA91FA}.Release|Any CPU.ActiveCfg = Release|Any CPU
		{5A671212-E299-41CF-90E9-813E52FA91FA}.Release|Any CPU.Build.0 = Release|Any CPU
		{2F8C2FE1-3FFB-49FF-A1C1-F15E164203A1}.Debug|Any CPU.ActiveCfg = Debug|Any CPU
		{2F8C2FE1-3FFB-49FF-A1C1-F15E164203A1}.Debug|Any CPU.Build.0 = Debug|Any CPU
		{2F8C2FE1-3FFB-49FF-A1C1-F15E164203A1}.Release|Any CPU.ActiveCfg = Release|Any CPU
		{2F8C2FE1-3FFB-49FF-A1C1-F15E164203A1}.Release|Any CPU.Build.0 = Release|Any CPU
		{2AA58D8F-074E-4922-B4DE-4E3C069790EC}.Debug|Any CPU.ActiveCfg = Debug|Any CPU
		{2AA58D8F-074E-4922-B4DE-4E3C069790EC}.Debug|Any CPU.Build.0 = Debug|Any CPU
		{2AA58D8F-074E-4922-B4DE-4E3C069790EC}.Release|Any CPU.ActiveCfg = Release|Any CPU
		{2AA58D8F-074E-4922-B4DE-4E3C069790EC}.Release|Any CPU.Build.0 = Release|Any CPU
		{FC0C432F-30D2-4C83-8756-9CCBF866A466}.Debug|Any CPU.ActiveCfg = Debug|Any CPU
		{FC0C432F-30D2-4C83-8756-9CCBF866A466}.Debug|Any CPU.Build.0 = Debug|Any CPU
		{FC0C432F-30D2-4C83-8756-9CCBF866A466}.Release|Any CPU.ActiveCfg = Release|Any CPU
		{FC0C432F-30D2-4C83-8756-9CCBF866A466}.Release|Any CPU.Build.0 = Release|Any CPU
		{A1980089-186A-4F07-838D-E60704374B6D}.Debug|Any CPU.ActiveCfg = Debug|Any CPU
		{A1980089-186A-4F07-838D-E60704374B6D}.Debug|Any CPU.Build.0 = Debug|Any CPU
		{A1980089-186A-4F07-838D-E60704374B6D}.Release|Any CPU.ActiveCfg = Release|Any CPU
		{A1980089-186A-4F07-838D-E60704374B6D}.Release|Any CPU.Build.0 = Release|Any CPU
		{831DBC84-9948-409D-BF64-F2055A86C836}.Debug|Any CPU.ActiveCfg = Debug|Any CPU
		{831DBC84-9948-409D-BF64-F2055A86C836}.Debug|Any CPU.Build.0 = Debug|Any CPU
		{831DBC84-9948-409D-BF64-F2055A86C836}.Release|Any CPU.ActiveCfg = Release|Any CPU
		{831DBC84-9948-409D-BF64-F2055A86C836}.Release|Any CPU.Build.0 = Release|Any CPU
		{1942E53D-B3EE-41CA-A5AB-DAAAEA2EB2BD}.Debug|Any CPU.ActiveCfg = Debug|Any CPU
		{1942E53D-B3EE-41CA-A5AB-DAAAEA2EB2BD}.Debug|Any CPU.Build.0 = Debug|Any CPU
		{1942E53D-B3EE-41CA-A5AB-DAAAEA2EB2BD}.Release|Any CPU.ActiveCfg = Release|Any CPU
		{1942E53D-B3EE-41CA-A5AB-DAAAEA2EB2BD}.Release|Any CPU.Build.0 = Release|Any CPU
		{018BC45A-7CFD-415F-9CBB-91DD9FE944AC}.Debug|Any CPU.ActiveCfg = Debug|Any CPU
		{018BC45A-7CFD-415F-9CBB-91DD9FE944AC}.Debug|Any CPU.Build.0 = Debug|Any CPU
		{018BC45A-7CFD-415F-9CBB-91DD9FE944AC}.Release|Any CPU.ActiveCfg = Release|Any CPU
		{018BC45A-7CFD-415F-9CBB-91DD9FE944AC}.Release|Any CPU.Build.0 = Release|Any CPU
		{C8DC09B6-EB35-4EBE-A6E6-96EF354A5519}.Debug|Any CPU.ActiveCfg = Debug|Any CPU
		{C8DC09B6-EB35-4EBE-A6E6-96EF354A5519}.Debug|Any CPU.Build.0 = Debug|Any CPU
		{C8DC09B6-EB35-4EBE-A6E6-96EF354A5519}.Release|Any CPU.ActiveCfg = Release|Any CPU
		{C8DC09B6-EB35-4EBE-A6E6-96EF354A5519}.Release|Any CPU.Build.0 = Release|Any CPU
		{2FBFC4DC-4DFA-4294-9BB7-4F5766FB65EA}.Debug|Any CPU.ActiveCfg = Debug|Any CPU
		{2FBFC4DC-4DFA-4294-9BB7-4F5766FB65EA}.Debug|Any CPU.Build.0 = Debug|Any CPU
		{2FBFC4DC-4DFA-4294-9BB7-4F5766FB65EA}.Release|Any CPU.ActiveCfg = Release|Any CPU
		{2FBFC4DC-4DFA-4294-9BB7-4F5766FB65EA}.Release|Any CPU.Build.0 = Release|Any CPU
		{50C8CEAC-0A10-4BFB-B360-9A8AFEB4155E}.Debug|Any CPU.ActiveCfg = Debug|Any CPU
		{50C8CEAC-0A10-4BFB-B360-9A8AFEB4155E}.Debug|Any CPU.Build.0 = Debug|Any CPU
		{50C8CEAC-0A10-4BFB-B360-9A8AFEB4155E}.Release|Any CPU.ActiveCfg = Release|Any CPU
		{50C8CEAC-0A10-4BFB-B360-9A8AFEB4155E}.Release|Any CPU.Build.0 = Release|Any CPU
	EndGlobalSection
	GlobalSection(SolutionProperties) = preSolution
		HideSolutionNode = FALSE
	EndGlobalSection
	GlobalSection(NestedProjects) = preSolution
		{6023D502-196A-4E61-A67A-19BB5D181A19} = {493135E9-C739-4C99-B5B7-00FB295D591B}
		{5A671212-E299-41CF-90E9-813E52FA91FA} = {493135E9-C739-4C99-B5B7-00FB295D591B}
		{2F8C2FE1-3FFB-49FF-A1C1-F15E164203A1} = {493135E9-C739-4C99-B5B7-00FB295D591B}
		{2AA58D8F-074E-4922-B4DE-4E3C069790EC} = {3DAE3D08-422A-42A5-BEDA-9065FD56BCC4}
		{FC0C432F-30D2-4C83-8756-9CCBF866A466} = {3DAE3D08-422A-42A5-BEDA-9065FD56BCC4}
		{A1980089-186A-4F07-838D-E60704374B6D} = {3DAE3D08-422A-42A5-BEDA-9065FD56BCC4}
		{831DBC84-9948-409D-BF64-F2055A86C836} = {5D6D5913-8660-4648-9356-C84BAAABBF5F}
		{1942E53D-B3EE-41CA-A5AB-DAAAEA2EB2BD} = {5D6D5913-8660-4648-9356-C84BAAABBF5F}
		{018BC45A-7CFD-415F-9CBB-91DD9FE944AC} = {5D6D5913-8660-4648-9356-C84BAAABBF5F}
		{C8DC09B6-EB35-4EBE-A6E6-96EF354A5519} = {CB5DE06C-2E9E-4C9E-AD92-3D7153684768}
		{2FBFC4DC-4DFA-4294-9BB7-4F5766FB65EA} = {CB5DE06C-2E9E-4C9E-AD92-3D7153684768}
		{50C8CEAC-0A10-4BFB-B360-9A8AFEB4155E} = {CB5DE06C-2E9E-4C9E-AD92-3D7153684768}
	EndGlobalSection
	GlobalSection(ExtensibilityGlobals) = postSolution
		SolutionGuid = {1B98E382-B58E-48DF-8097-3FE649EC3272}
	EndGlobalSection
EndGlobal
